
Microsoft Visual Studio Solution File, Format Version 12.00
# Visual Studio 15
VisualStudioVersion = 15.0.27703.2026
MinimumVisualStudioVersion = 10.0.40219.1
Project("{FAE04EC0-301F-11D3-BF4B-00C04F79EFBC}") = "StudentsApp", "StudentsApp\StudentsApp.csproj", "{5004E994-CFC2-45C1-B866-FEFEC95A23A7}"
EndProject
Project("{E53339B2-1760-4266-BCC7-CA923CBCF16C}") = "docker-compose", "docker-compose.dcproj", "{2A5C9442-2BD1-4135-990F-CEAEB8962064}"
EndProject
Global
	GlobalSection(SolutionConfigurationPlatforms) = preSolution
		Debug|Any CPU = Debug|Any CPU
		Release|Any CPU = Release|Any CPU
	EndGlobalSection
	GlobalSection(ProjectConfigurationPlatforms) = postSolution
		{5004E994-CFC2-45C1-B866-FEFEC95A23A7}.Debug|Any CPU.ActiveCfg = Debug|Any CPU
		{5004E994-CFC2-45C1-B866-FEFEC95A23A7}.Debug|Any CPU.Build.0 = Debug|Any CPU
		{5004E994-CFC2-45C1-B866-FEFEC95A23A7}.Release|Any CPU.ActiveCfg = Release|Any CPU
		{5004E994-CFC2-45C1-B866-FEFEC95A23A7}.Release|Any CPU.Build.0 = Release|Any CPU
		{2A5C9442-2BD1-4135-990F-CEAEB8962064}.Debug|Any CPU.ActiveCfg = Debug|Any CPU
		{2A5C9442-2BD1-4135-990F-CEAEB8962064}.Debug|Any CPU.Build.0 = Debug|Any CPU
		{2A5C9442-2BD1-4135-990F-CEAEB8962064}.Release|Any CPU.ActiveCfg = Release|Any CPU
		{2A5C9442-2BD1-4135-990F-CEAEB8962064}.Release|Any CPU.Build.0 = Release|Any CPU
	EndGlobalSection
	GlobalSection(SolutionProperties) = preSolution
		HideSolutionNode = FALSE
	EndGlobalSection
	GlobalSection(ExtensibilityGlobals) = postSolution
		SolutionGuid = {1B93800D-9BE1-4A3C-B668-DAE02C7C83BD}
	EndGlobalSection
EndGlobal
